
Microsoft Visual Studio Solution File, Format Version 12.00
# Visual Studio Version 17
VisualStudioVersion = 17.14.36616.10 d17.14
MinimumVisualStudioVersion = 10.0.40219.1
Project("{FAE04EC0-301F-11D3-BF4B-00C04F79EFBC}") = "JapaneseRestaurant", "JapaneseRestaurant\JapaneseRestaurant.csproj", "{CEB26B37-876D-4D4C-B16C-6FFD4AF86613}"
EndProject
Global
	GlobalSection(SolutionConfigurationPlatforms) = preSolution
		Debug|Any CPU = Debug|Any CPU
		Release|Any CPU = Release|Any CPU
	EndGlobalSection
	GlobalSection(ProjectConfigurationPlatforms) = postSolution
		{CEB26B37-876D-4D4C-B16C-6FFD4AF86613}.Debug|Any CPU.ActiveCfg = Debug|Any CPU
		{CEB26B37-876D-4D4C-B16C-6FFD4AF86613}.Debug|Any CPU.Build.0 = Debug|Any CPU
		{CEB26B37-876D-4D4C-B16C-6FFD4AF86613}.Release|Any CPU.ActiveCfg = Release|Any CPU
		{CEB26B37-876D-4D4C-B16C-6FFD4AF86613}.Release|Any CPU.Build.0 = Release|Any CPU
	EndGlobalSection
	GlobalSection(SolutionProperties) = preSolution
		HideSolutionNode = FALSE
	EndGlobalSection
	GlobalSection(ExtensibilityGlobals) = postSolution
		SolutionGuid = {532CD313-DEDF-4C77-A864-A9084FFBDF42}
	EndGlobalSection
EndGlobal
